PODS:
  - Flutter (1.0.0)
  - rust_lib_mdd (0.0.1):
    - Flutter

DEPENDENCIES:
  - Flutter (from `Flutter`)
  - rust_lib_mdd (from `.symlinks/plugins/rust_lib_mdd/ios`)

EXTERNAL SOURCES:
  Flutter:
    :path: Flutter
  rust_lib_mdd:
    :path: ".symlinks/plugins/rust_lib_mdd/ios"

SPEC CHECKSUMS:
  Flutter: cabc95a1d2626b1b06e7179b784ebcf0c0cde467
  rust_lib_mdd: 0d3d7de960e8e0ef35262ad950d9df5553f1e844

PODFILE CHECKSUM: 4f1c12611da7338d21589c0b2ecd6bd20b109694

COCOAPODS: 1.16.2
