PODS:
  - Flutter (1.0.0)
  - rust_lib_mdd (0.0.1):
    - Flutter

DEPENDENCIES:
  - Flutter (from `Flutter`)
  - rust_lib_mdd (from `.symlinks/plugins/rust_lib_mdd/ios`)

EXTERNAL SOURCES:
  Flutter:
    :path: Flutter
  rust_lib_mdd:
    :path: ".symlinks/plugins/rust_lib_mdd/ios"

SPEC CHECKSUMS:
  Flutter: 71a624a5bc0c04062bf19101d501e466baf2fb47
  rust_lib_mdd: 0d3d7de960e8e0ef35262ad950d9df5553f1e844

PODFILE CHECKSUM: d34d750877e2284f01dbc560b3f78ef6615a1f42

COCOAPODS: 1.16.2
